
Microsoft Visual Studio Solution File, Format Version 12.00
# Visual Studio Version 16
VisualStudioVersion = 16.0.31515.178
MinimumVisualStudioVersion = 10.0.40219.1
Project("{9A19103F-16F7-4668-BE54-9A1E7A4F7556}") = "OtiumActio", "OtiumActio.csproj", "{0F1ACC15-E519-4A45-9822-69C69BC5B8B8}"
EndProject
Project("{00D1A9C2-B5F0-4AF3-8072-F6C62B433612}") = "OtiumActio.Database", "..\OtiumActio_DbProject\OtiumActio.Database\OtiumActio.Database.sqlproj", "{C52AE9E4-4061-4286-825C-44A62AD112C9}"
EndProject
Project("{9A19103F-16F7-4668-BE54-9A1E7A4F7556}") = "OtiumActio.Domain", "..\OtiumActio.Domain\OtiumActio.Domain.csproj", "{12B5A41E-2D36-4FDC-AFD4-79553A1B8F27}"
EndProject
Project("{9A19103F-16F7-4668-BE54-9A1E7A4F7556}") = "OtiumActio.Infrastructure", "..\OtiumActio.Infrastructure\OtiumActio.Infrastructure.csproj", "{59B410D5-84DE-4A79-8207-AC5CF5DC5403}"
EndProject
Project("{9A19103F-16F7-4668-BE54-9A1E7A4F7556}") = "OtiumActio.IdentityServer", "..\OtiumActio.IdentityServer\OtiumActio.IdentityServer.csproj", "{E7421494-CBE5-49A1-A867-F79C31FE11DE}"
EndProject
Project("{9A19103F-16F7-4668-BE54-9A1E7A4F7556}") = "OtiumActio.Api", "..\OtiumActio.Api\OtiumActio.Api.csproj", "{A95D929A-4279-4394-9643-26690C8DB3D9}"
EndProject
Project("{FAE04EC0-301F-11D3-BF4B-00C04F79EFBC}") = "OtiumActio.EmailService", "..\OtiumActio.EmailService\OtiumActio.EmailService.csproj", "{B0E2C43A-1B74-49FA-9FB8-E3FC9BEC454F}"
EndProject
Global
	GlobalSection(SolutionConfigurationPlatforms) = preSolution
		Debug|Any CPU = Debug|Any CPU
		Release|Any CPU = Release|Any CPU
	EndGlobalSection
	GlobalSection(ProjectConfigurationPlatforms) = postSolution
		{0F1ACC15-E519-4A45-9822-69C69BC5B8B8}.Debug|Any CPU.ActiveCfg = Debug|Any CPU
		{0F1ACC15-E519-4A45-9822-69C69BC5B8B8}.Debug|Any CPU.Build.0 = Debug|Any CPU
		{0F1ACC15-E519-4A45-9822-69C69BC5B8B8}.Release|Any CPU.ActiveCfg = Release|Any CPU
		{0F1ACC15-E519-4A45-9822-69C69BC5B8B8}.Release|Any CPU.Build.0 = Release|Any CPU
		{C52AE9E4-4061-4286-825C-44A62AD112C9}.Debug|Any CPU.ActiveCfg = Debug|Any CPU
		{C52AE9E4-4061-4286-825C-44A62AD112C9}.Debug|Any CPU.Build.0 = Debug|Any CPU
		{C52AE9E4-4061-4286-825C-44A62AD112C9}.Debug|Any CPU.Deploy.0 = Debug|Any CPU
		{C52AE9E4-4061-4286-825C-44A62AD112C9}.Release|Any CPU.ActiveCfg = Release|Any CPU
		{C52AE9E4-4061-4286-825C-44A62AD112C9}.Release|Any CPU.Build.0 = Release|Any CPU
		{C52AE9E4-4061-4286-825C-44A62AD112C9}.Release|Any CPU.Deploy.0 = Release|Any CPU
		{12B5A41E-2D36-4FDC-AFD4-79553A1B8F27}.Debug|Any CPU.ActiveCfg = Debug|Any CPU
		{12B5A41E-2D36-4FDC-AFD4-79553A1B8F27}.Debug|Any CPU.Build.0 = Debug|Any CPU
		{12B5A41E-2D36-4FDC-AFD4-79553A1B8F27}.Release|Any CPU.ActiveCfg = Release|Any CPU
		{12B5A41E-2D36-4FDC-AFD4-79553A1B8F27}.Release|Any CPU.Build.0 = Release|Any CPU
		{59B410D5-84DE-4A79-8207-AC5CF5DC5403}.Debug|Any CPU.ActiveCfg = Debug|Any CPU
		{59B410D5-84DE-4A79-8207-AC5CF5DC5403}.Debug|Any CPU.Build.0 = Debug|Any CPU
		{59B410D5-84DE-4A79-8207-AC5CF5DC5403}.Release|Any CPU.ActiveCfg = Release|Any CPU
		{59B410D5-84DE-4A79-8207-AC5CF5DC5403}.Release|Any CPU.Build.0 = Release|Any CPU
		{E7421494-CBE5-49A1-A867-F79C31FE11DE}.Debug|Any CPU.ActiveCfg = Debug|Any CPU
		{E7421494-CBE5-49A1-A867-F79C31FE11DE}.Debug|Any CPU.Build.0 = Debug|Any CPU
		{E7421494-CBE5-49A1-A867-F79C31FE11DE}.Release|Any CPU.ActiveCfg = Release|Any CPU
		{E7421494-CBE5-49A1-A867-F79C31FE11DE}.Release|Any CPU.Build.0 = Release|Any CPU
		{A95D929A-4279-4394-9643-26690C8DB3D9}.Debug|Any CPU.ActiveCfg = Debug|Any CPU
		{A95D929A-4279-4394-9643-26690C8DB3D9}.Debug|Any CPU.Build.0 = Debug|Any CPU
		{A95D929A-4279-4394-9643-26690C8DB3D9}.Release|Any CPU.ActiveCfg = Release|Any CPU
		{A95D929A-4279-4394-9643-26690C8DB3D9}.Release|Any CPU.Build.0 = Release|Any CPU
		{B0E2C43A-1B74-49FA-9FB8-E3FC9BEC454F}.Debug|Any CPU.ActiveCfg = Debug|Any CPU
		{B0E2C43A-1B74-49FA-9FB8-E3FC9BEC454F}.Debug|Any CPU.Build.0 = Debug|Any CPU
		{B0E2C43A-1B74-49FA-9FB8-E3FC9BEC454F}.Release|Any CPU.ActiveCfg = Release|Any CPU
		{B0E2C43A-1B74-49FA-9FB8-E3FC9BEC454F}.Release|Any CPU.Build.0 = Release|Any CPU
	EndGlobalSection
	GlobalSection(SolutionProperties) = preSolution
		HideSolutionNode = FALSE
	EndGlobalSection
	GlobalSection(ExtensibilityGlobals) = postSolution
		SolutionGuid = {FE85378C-F3E9-426E-B4BD-072FD344784F}
	EndGlobalSection
EndGlobal
