
Microsoft Visual Studio Solution File, Format Version 12.00
# Visual Studio Version 16
VisualStudioVersion = 16.0.31515.178
MinimumVisualStudioVersion = 10.0.40219.1
Project("{9A19103F-16F7-4668-BE54-9A1E7A4F7556}") = "OtiumActio", "OtiumActio.csproj", "{0F1ACC15-E519-4A45-9822-69C69BC5B8B8}"
EndProject
Project("{00D1A9C2-B5F0-4AF3-8072-F6C62B433612}") = "OtiumActio.Database", "..\OtiumActio_DbProject\OtiumActio.Database\OtiumActio.Database.sqlproj", "{C52AE9E4-4061-4286-825C-44A62AD112C9}"
EndProject
Project("{9A19103F-16F7-4668-BE54-9A1E7A4F7556}") = "OtiumActio.Models", "..\OtiumActio.Models\OtiumActio.Models.csproj", "{12B5A41E-2D36-4FDC-AFD4-79553A1B8F27}"
EndProject
Global
	GlobalSection(SolutionConfigurationPlatforms) = preSolution
		Debug|Any CPU = Debug|Any CPU
		Release|Any CPU = Release|Any CPU
	EndGlobalSection
	GlobalSection(ProjectConfigurationPlatforms) = postSolution
		{0F1ACC15-E519-4A45-9822-69C69BC5B8B8}.Debug|Any CPU.ActiveCfg = Debug|Any CPU
		{0F1ACC15-E519-4A45-9822-69C69BC5B8B8}.Debug|Any CPU.Build.0 = Debug|Any CPU
		{0F1ACC15-E519-4A45-9822-69C69BC5B8B8}.Release|Any CPU.ActiveCfg = Release|Any CPU
		{0F1ACC15-E519-4A45-9822-69C69BC5B8B8}.Release|Any CPU.Build.0 = Release|Any CPU
		{C52AE9E4-4061-4286-825C-44A62AD112C9}.Debug|Any CPU.ActiveCfg = Debug|Any CPU
		{C52AE9E4-4061-4286-825C-44A62AD112C9}.Debug|Any CPU.Build.0 = Debug|Any CPU
		{C52AE9E4-4061-4286-825C-44A62AD112C9}.Debug|Any CPU.Deploy.0 = Debug|Any CPU
		{C52AE9E4-4061-4286-825C-44A62AD112C9}.Release|Any CPU.ActiveCfg = Release|Any CPU
		{C52AE9E4-4061-4286-825C-44A62AD112C9}.Release|Any CPU.Build.0 = Release|Any CPU
		{C52AE9E4-4061-4286-825C-44A62AD112C9}.Release|Any CPU.Deploy.0 = Release|Any CPU
		{12B5A41E-2D36-4FDC-AFD4-79553A1B8F27}.Debug|Any CPU.ActiveCfg = Debug|Any CPU
		{12B5A41E-2D36-4FDC-AFD4-79553A1B8F27}.Debug|Any CPU.Build.0 = Debug|Any CPU
		{12B5A41E-2D36-4FDC-AFD4-79553A1B8F27}.Release|Any CPU.ActiveCfg = Release|Any CPU
		{12B5A41E-2D36-4FDC-AFD4-79553A1B8F27}.Release|Any CPU.Build.0 = Release|Any CPU
	EndGlobalSection
	GlobalSection(SolutionProperties) = preSolution
		HideSolutionNode = FALSE
	EndGlobalSection
	GlobalSection(ExtensibilityGlobals) = postSolution
		SolutionGuid = {FE85378C-F3E9-426E-B4BD-072FD344784F}
	EndGlobalSection
EndGlobal
